// !$*UTF8*$!
{
	archiveVersion = 1;
	classes = {
	};
	objectVersion = 46;
	objects = {

/* Begin PBXBuildFile section */
		4A3ADE2C1EFE2FA800A2826D /* Semester.swift in Sources */ = {isa = PBXBuildFile; fileRef = 4A3ADE2B1EFE2FA800A2826D /* Semester.swift */; };
		4A3ADE2E1EFE37E700A2826D /* SemesterViewController.swift in Sources */ = {isa = PBXBuildFile; fileRef = 4A3ADE2D1EFE37E700A2826D /* SemesterViewController.swift */; };
		4AAA877F1F02F67100FA1AC2 /* StepperCell.swift in Sources */ = {isa = PBXBuildFile; fileRef = 4AAA877E1F02F67100FA1AC2 /* StepperCell.swift */; };
		4AAA87811F02F6B200FA1AC2 /* TextFieldCell.swift in Sources */ = {isa = PBXBuildFile; fileRef = 4AAA87801F02F6B200FA1AC2 /* TextFieldCell.swift */; };
		4AAA87831F02F9D600FA1AC2 /* SegmentedControlCell.swift in Sources */ = {isa = PBXBuildFile; fileRef = 4AAA87821F02F9D600FA1AC2 /* SegmentedControlCell.swift */; };
		4AC85F6C1EFDC06300062548 /* AppDelegate.swift in Sources */ = {isa = PBXBuildFile; fileRef = 4AC85F6B1EFDC06300062548 /* AppDelegate.swift */; };
		4AC85F6E1EFDC06300062548 /* SemesterTableViewController.swift in Sources */ = {isa = PBXBuildFile; fileRef = 4AC85F6D1EFDC06300062548 /* SemesterTableViewController.swift */; };
		4AC85F731EFDC06300062548 /* Assets.xcassets in Resources */ = {isa = PBXBuildFile; fileRef = 4AC85F721EFDC06300062548 /* Assets.xcassets */; };
		4AC85F761EFDC06300062548 /* LaunchScreen.storyboard in Resources */ = {isa = PBXBuildFile; fileRef = 4AC85F741EFDC06300062548 /* LaunchScreen.storyboard */; };
		4AC85F871EFDC08900062548 /* Course.swift in Sources */ = {isa = PBXBuildFile; fileRef = 4AC85F7D1EFDC08900062548 /* Course.swift */; };
		4AC85F881EFDC08900062548 /* Location.swift in Sources */ = {isa = PBXBuildFile; fileRef = 4AC85F7E1EFDC08900062548 /* Location.swift */; };
		4AC85F891EFDC08900062548 /* Overlappable.swift in Sources */ = {isa = PBXBuildFile; fileRef = 4AC85F7F1EFDC08900062548 /* Overlappable.swift */; };
		4AC85F8A1EFDC08900062548 /* CourseGenerator.swift in Sources */ = {isa = PBXBuildFile; fileRef = 4AC85F801EFDC08900062548 /* CourseGenerator.swift */; };
		4AC85F8B1EFDC08900062548 /* Schedule.swift in Sources */ = {isa = PBXBuildFile; fileRef = 4AC85F811EFDC08900062548 /* Schedule.swift */; };
		4AC85F8C1EFDC08900062548 /* Section.swift in Sources */ = {isa = PBXBuildFile; fileRef = 4AC85F821EFDC08900062548 /* Section.swift */; };
		4AC85F8D1EFDC08900062548 /* Day.swift in Sources */ = {isa = PBXBuildFile; fileRef = 4AC85F831EFDC08900062548 /* Day.swift */; };
		4AC85F8E1EFDC08900062548 /* Session.swift in Sources */ = {isa = PBXBuildFile; fileRef = 4AC85F841EFDC08900062548 /* Session.swift */; };
		4AC85F8F1EFDC08900062548 /* Time.swift in Sources */ = {isa = PBXBuildFile; fileRef = 4AC85F851EFDC08900062548 /* Time.swift */; };
		4AC85F901EFDC08900062548 /* TimeRange.swift in Sources */ = {isa = PBXBuildFile; fileRef = 4AC85F861EFDC08900062548 /* TimeRange.swift */; };
/* End PBXBuildFile section */

/* Begin PBXFileReference section */
		4A3ADE2B1EFE2FA800A2826D /* Semester.swift */ = {isa = PBXFileReference; fileEncoding = 4; lastKnownFileType = sourcecode.swift; path = Semester.swift; sourceTree = "<group>"; };
		4A3ADE2D1EFE37E700A2826D /* SemesterViewController.swift */ = {isa = PBXFileReference; fileEncoding = 4; lastKnownFileType = sourcecode.swift; path = SemesterViewController.swift; sourceTree = "<group>"; };
		4AAA877E1F02F67100FA1AC2 /* StepperCell.swift */ = {isa = PBXFileReference; fileEncoding = 4; lastKnownFileType = sourcecode.swift; path = StepperCell.swift; sourceTree = "<group>"; };
		4AAA87801F02F6B200FA1AC2 /* TextFieldCell.swift */ = {isa = PBXFileReference; fileEncoding = 4; lastKnownFileType = sourcecode.swift; path = TextFieldCell.swift; sourceTree = "<group>"; };
		4AAA87821F02F9D600FA1AC2 /* SegmentedControlCell.swift */ = {isa = PBXFileReference; fileEncoding = 4; lastKnownFileType = sourcecode.swift; path = SegmentedControlCell.swift; sourceTree = "<group>"; };
		4AC85F681EFDC06300062548 /* Schedulo.app */ = {isa = PBXFileReference; explicitFileType = wrapper.application; includeInIndex = 0; path = Schedulo.app; sourceTree = BUILT_PRODUCTS_DIR; };
		4AC85F6B1EFDC06300062548 /* AppDelegate.swift */ = {isa = PBXFileReference; lastKnownFileType = sourcecode.swift; path = AppDelegate.swift; sourceTree = "<group>"; };
		4AC85F6D1EFDC06300062548 /* SemesterTableViewController.swift */ = {isa = PBXFileReference; lastKnownFileType = sourcecode.swift; path = SemesterTableViewController.swift; sourceTree = "<group>"; };
		4AC85F721EFDC06300062548 /* Assets.xcassets */ = {isa = PBXFileReference; lastKnownFileType = folder.assetcatalog; path = Assets.xcassets; sourceTree = "<group>"; };
		4AC85F751EFDC06300062548 /* Base */ = {isa = PBXFileReference; lastKnownFileType = file.storyboard; name = Base; path = Base.lproj/LaunchScreen.storyboard; sourceTree = "<group>"; };
		4AC85F771EFDC06300062548 /* Info.plist */ = {isa = PBXFileReference; lastKnownFileType = text.plist.xml; path = Info.plist; sourceTree = "<group>"; };
		4AC85F7D1EFDC08900062548 /* Course.swift */ = {isa = PBXFileReference; fileEncoding = 4; lastKnownFileType = sourcecode.swift; path = Course.swift; sourceTree = "<group>"; };
		4AC85F7E1EFDC08900062548 /* Location.swift */ = {isa = PBXFileReference; fileEncoding = 4; lastKnownFileType = sourcecode.swift; path = Location.swift; sourceTree = "<group>"; };
		4AC85F7F1EFDC08900062548 /* Overlappable.swift */ = {isa = PBXFileReference; fileEncoding = 4; lastKnownFileType = sourcecode.swift; path = Overlappable.swift; sourceTree = "<group>"; };
		4AC85F801EFDC08900062548 /* CourseGenerator.swift */ = {isa = PBXFileReference; fileEncoding = 4; lastKnownFileType = sourcecode.swift; path = CourseGenerator.swift; sourceTree = "<group>"; };
		4AC85F811EFDC08900062548 /* Schedule.swift */ = {isa = PBXFileReference; fileEncoding = 4; lastKnownFileType = sourcecode.swift; path = Schedule.swift; sourceTree = "<group>"; };
		4AC85F821EFDC08900062548 /* Section.swift */ = {isa = PBXFileReference; fileEncoding = 4; lastKnownFileType = sourcecode.swift; path = Section.swift; sourceTree = "<group>"; };
		4AC85F831EFDC08900062548 /* Day.swift */ = {isa = PBXFileReference; fileEncoding = 4; lastKnownFileType = sourcecode.swift; path = Day.swift; sourceTree = "<group>"; };
		4AC85F841EFDC08900062548 /* Session.swift */ = {isa = PBXFileReference; fileEncoding = 4; lastKnownFileType = sourcecode.swift; path = Session.swift; sourceTree = "<group>"; };
		4AC85F851EFDC08900062548 /* Time.swift */ = {isa = PBXFileReference; fileEncoding = 4; lastKnownFileType = sourcecode.swift; path = Time.swift; sourceTree = "<group>"; };
		4AC85F861EFDC08900062548 /* TimeRange.swift */ = {isa = PBXFileReference; fileEncoding = 4; lastKnownFileType = sourcecode.swift; path = TimeRange.swift; sourceTree = "<group>"; };
/* End PBXFileReference section */

/* Begin PBXFrameworksBuildPhase section */
		4AC85F651EFDC06300062548 /* Frameworks */ = {
			isa = PBXFrameworksBuildPhase;
			buildActionMask = 2147483647;
			files = (
			);
			runOnlyForDeploymentPostprocessing = 0;
		};
/* End PBXFrameworksBuildPhase section */

/* Begin PBXGroup section */
		4AC85F5F1EFDC06300062548 = {
			isa = PBXGroup;
			children = (
				4AC85F6A1EFDC06300062548 /* Schedulo */,
				4AC85F691EFDC06300062548 /* Products */,
			);
			sourceTree = "<group>";
		};
		4AC85F691EFDC06300062548 /* Products */ = {
			isa = PBXGroup;
			children = (
				4AC85F681EFDC06300062548 /* Schedulo.app */,
			);
			name = Products;
			sourceTree = "<group>";
		};
		4AC85F6A1EFDC06300062548 /* Schedulo */ = {
			isa = PBXGroup;
			children = (
				4AC85F6B1EFDC06300062548 /* AppDelegate.swift */,
				4AC85F7D1EFDC08900062548 /* Course.swift */,
				4AC85F7E1EFDC08900062548 /* Location.swift */,
				4AC85F7F1EFDC08900062548 /* Overlappable.swift */,
				4AC85F801EFDC08900062548 /* CourseGenerator.swift */,
				4AC85F811EFDC08900062548 /* Schedule.swift */,
				4AC85F821EFDC08900062548 /* Section.swift */,
				4AC85F831EFDC08900062548 /* Day.swift */,
				4AC85F841EFDC08900062548 /* Session.swift */,
				4AC85F851EFDC08900062548 /* Time.swift */,
				4AC85F861EFDC08900062548 /* TimeRange.swift */,
				4A3ADE2B1EFE2FA800A2826D /* Semester.swift */,
				4AC85F6D1EFDC06300062548 /* SemesterTableViewController.swift */,
				4A3ADE2D1EFE37E700A2826D /* SemesterViewController.swift */,
				4AAA877E1F02F67100FA1AC2 /* StepperCell.swift */,
				4AAA87821F02F9D600FA1AC2 /* SegmentedControlCell.swift */,
				4AAA87801F02F6B200FA1AC2 /* TextFieldCell.swift */,
				4AC85F721EFDC06300062548 /* Assets.xcassets */,
				4AC85F741EFDC06300062548 /* LaunchScreen.storyboard */,
				4AC85F771EFDC06300062548 /* Info.plist */,
			);
			path = Schedulo;
			sourceTree = "<group>";
		};
/* End PBXGroup section */

/* Begin PBXNativeTarget section */
		4AC85F671EFDC06300062548 /* Schedulo */ = {
			isa = PBXNativeTarget;
			buildConfigurationList = 4AC85F7A1EFDC06300062548 /* Build configuration list for PBXNativeTarget "Schedulo" */;
			buildPhases = (
				4AC85F641EFDC06300062548 /* Sources */,
				4AC85F651EFDC06300062548 /* Frameworks */,
				4AC85F661EFDC06300062548 /* Resources */,
			);
			buildRules = (
			);
			dependencies = (
			);
			name = Schedulo;
			productName = Schedulo;
			productReference = 4AC85F681EFDC06300062548 /* Schedulo.app */;
			productType = "com.apple.product-type.application";
		};
/* End PBXNativeTarget section */

/* Begin PBXProject section */
		4AC85F601EFDC06300062548 /* Project object */ = {
			isa = PBXProject;
			attributes = {
				LastSwiftUpdateCheck = 0830;
				LastUpgradeCheck = 0830;
				ORGANIZATIONNAME = "Rizadh Nizam";
				TargetAttributes = {
					4AC85F671EFDC06300062548 = {
						CreatedOnToolsVersion = 8.3.3;
						DevelopmentTeam = 4HT26RR3LT;
						ProvisioningStyle = Automatic;
					};
				};
			};
			buildConfigurationList = 4AC85F631EFDC06300062548 /* Build configuration list for PBXProject "Schedulo" */;
			compatibilityVersion = "Xcode 3.2";
			developmentRegion = English;
			hasScannedForEncodings = 0;
			knownRegions = (
				en,
				Base,
			);
			mainGroup = 4AC85F5F1EFDC06300062548;
			productRefGroup = 4AC85F691EFDC06300062548 /* Products */;
			projectDirPath = "";
			projectRoot = "";
			targets = (
				4AC85F671EFDC06300062548 /* Schedulo */,
			);
		};
/* End PBXProject section */

/* Begin PBXResourcesBuildPhase section */
		4AC85F661EFDC06300062548 /* Resources */ = {
			isa = PBXResourcesBuildPhase;
			buildActionMask = 2147483647;
			files = (
				4AC85F761EFDC06300062548 /* LaunchScreen.storyboard in Resources */,
				4AC85F731EFDC06300062548 /* Assets.xcassets in Resources */,
			);
			runOnlyForDeploymentPostprocessing = 0;
		};
/* End PBXResourcesBuildPhase section */

/* Begin PBXSourcesBuildPhase section */
		4AC85F641EFDC06300062548 /* Sources */ = {
			isa = PBXSourcesBuildPhase;
			buildActionMask = 2147483647;
			files = (
				4AC85F8E1EFDC08900062548 /* Session.swift in Sources */,
				4AC85F871EFDC08900062548 /* Course.swift in Sources */,
				4AAA877F1F02F67100FA1AC2 /* StepperCell.swift in Sources */,
				4AC85F8F1EFDC08900062548 /* Time.swift in Sources */,
				4A3ADE2C1EFE2FA800A2826D /* Semester.swift in Sources */,
				4AC85F891EFDC08900062548 /* Overlappable.swift in Sources */,
				4AC85F8A1EFDC08900062548 /* CourseGenerator.swift in Sources */,
				4AAA87831F02F9D600FA1AC2 /* SegmentedControlCell.swift in Sources */,
				4AAA87811F02F6B200FA1AC2 /* TextFieldCell.swift in Sources */,
				4AC85F6E1EFDC06300062548 /* SemesterTableViewController.swift in Sources */,
				4AC85F901EFDC08900062548 /* TimeRange.swift in Sources */,
				4AC85F881EFDC08900062548 /* Location.swift in Sources */,
				4AC85F8D1EFDC08900062548 /* Day.swift in Sources */,
				4AC85F8C1EFDC08900062548 /* Section.swift in Sources */,
				4AC85F8B1EFDC08900062548 /* Schedule.swift in Sources */,
				4A3ADE2E1EFE37E700A2826D /* SemesterViewController.swift in Sources */,
				4AC85F6C1EFDC06300062548 /* AppDelegate.swift in Sources */,
			);
			runOnlyForDeploymentPostprocessing = 0;
		};
/* End PBXSourcesBuildPhase section */

/* Begin PBXVariantGroup section */
		4AC85F741EFDC06300062548 /* LaunchScreen.storyboard */ = {
			isa = PBXVariantGroup;
			children = (
				4AC85F751EFDC06300062548 /* Base */,
			);
			name = LaunchScreen.storyboard;
			sourceTree = "<group>";
		};
/* End PBXVariantGroup section */

/* Begin XCBuildConfiguration section */
		4AC85F781EFDC06300062548 /* Debug */ = {
			isa = XCBuildConfiguration;
			buildSettings = {
				ALWAYS_SEARCH_USER_PATHS = NO;
				CLANG_ANALYZER_NONNULL = YES;
				CLANG_ANALYZER_NUMBER_OBJECT_CONVERSION = YES_AGGRESSIVE;
				CLANG_CXX_LANGUAGE_STANDARD = "gnu++0x";
				CLANG_CXX_LIBRARY = "libc++";
				CLANG_ENABLE_MODULES = YES;
				CLANG_ENABLE_OBJC_ARC = YES;
				CLANG_WARN_BOOL_CONVERSION = YES;
				CLANG_WARN_CONSTANT_CONVERSION = YES;
				CLANG_WARN_DIRECT_OBJC_ISA_USAGE = YES_ERROR;
				CLANG_WARN_DOCUMENTATION_COMMENTS = YES;
				CLANG_WARN_EMPTY_BODY = YES;
				CLANG_WARN_ENUM_CONVERSION = YES;
				CLANG_WARN_INFINITE_RECURSION = YES;
				CLANG_WARN_INT_CONVERSION = YES;
				CLANG_WARN_OBJC_ROOT_CLASS = YES_ERROR;
				CLANG_WARN_SUSPICIOUS_MOVE = YES;
				CLANG_WARN_UNREACHABLE_CODE = YES;
				CLANG_WARN__DUPLICATE_METHOD_MATCH = YES;
				"CODE_SIGN_IDENTITY[sdk=iphoneos*]" = "iPhone Developer";
				COPY_PHASE_STRIP = NO;
				DEBUG_INFORMATION_FORMAT = dwarf;
				ENABLE_STRICT_OBJC_MSGSEND = YES;
				ENABLE_TESTABILITY = YES;
				GCC_C_LANGUAGE_STANDARD = gnu99;
				GCC_DYNAMIC_NO_PIC = NO;
				GCC_NO_COMMON_BLOCKS = YES;
				GCC_OPTIMIZATION_LEVEL = 0;
				GCC_PREPROCESSOR_DEFINITIONS = (
					"DEBUG=1",
					"$(inherited)",
				);
				GCC_WARN_64_TO_32_BIT_CONVERSION = YES;
				GCC_WARN_ABOUT_RETURN_TYPE = YES_ERROR;
				GCC_WARN_UNDECLARED_SELECTOR = YES;
				GCC_WARN_UNINITIALIZED_AUTOS = YES_AGGRESSIVE;
				GCC_WARN_UNUSED_FUNCTION = YES;
				GCC_WARN_UNUSED_VARIABLE = YES;
				IPHONEOS_DEPLOYMENT_TARGET = 10.3;
				MTL_ENABLE_DEBUG_INFO = YES;
				ONLY_ACTIVE_ARCH = YES;
				SDKROOT = iphoneos;
				SWIFT_ACTIVE_COMPILATION_CONDITIONS = DEBUG;
				SWIFT_OPTIMIZATION_LEVEL = "-Onone";
				TARGETED_DEVICE_FAMILY = "1,2";
			};
			name = Debug;
		};
		4AC85F791EFDC06300062548 /* Release */ = {
			isa = XCBuildConfiguration;
			buildSettings = {
				ALWAYS_SEARCH_USER_PATHS = NO;
				CLANG_ANALYZER_NONNULL = YES;
				CLANG_ANALYZER_NUMBER_OBJECT_CONVERSION = YES_AGGRESSIVE;
				CLANG_CXX_LANGUAGE_STANDARD = "gnu++0x";
				CLANG_CXX_LIBRARY = "libc++";
				CLANG_ENABLE_MODULES = YES;
				CLANG_ENABLE_OBJC_ARC = YES;
				CLANG_WARN_BOOL_CONVERSION = YES;
				CLANG_WARN_CONSTANT_CONVERSION = YES;
				CLANG_WARN_DIRECT_OBJC_ISA_USAGE = YES_ERROR;
				CLANG_WARN_DOCUMENTATION_COMMENTS = YES;
				CLANG_WARN_EMPTY_BODY = YES;
				CLANG_WARN_ENUM_CONVERSION = YES;
				CLANG_WARN_INFINITE_RECURSION = YES;
				CLANG_WARN_INT_CONVERSION = YES;
				CLANG_WARN_OBJC_ROOT_CLASS = YES_ERROR;
				CLANG_WARN_SUSPICIOUS_MOVE = YES;
				CLANG_WARN_UNREACHABLE_CODE = YES;
				CLANG_WARN__DUPLICATE_METHOD_MATCH = YES;
				"CODE_SIGN_IDENTITY[sdk=iphoneos*]" = "iPhone Developer";
				COPY_PHASE_STRIP = NO;
				DEBUG_INFORMATION_FORMAT = "dwarf-with-dsym";
				ENABLE_NS_ASSERTIONS = NO;
				ENABLE_STRICT_OBJC_MSGSEND = YES;
				GCC_C_LANGUAGE_STANDARD = gnu99;
				GCC_NO_COMMON_BLOCKS = YES;
				GCC_WARN_64_TO_32_BIT_CONVERSION = YES;
				GCC_WARN_ABOUT_RETURN_TYPE = YES_ERROR;
				GCC_WARN_UNDECLARED_SELECTOR = YES;
				GCC_WARN_UNINITIALIZED_AUTOS = YES_AGGRESSIVE;
				GCC_WARN_UNUSED_FUNCTION = YES;
				GCC_WARN_UNUSED_VARIABLE = YES;
				IPHONEOS_DEPLOYMENT_TARGET = 10.3;
				MTL_ENABLE_DEBUG_INFO = NO;
				SDKROOT = iphoneos;
				SWIFT_OPTIMIZATION_LEVEL = "-Owholemodule";
				TARGETED_DEVICE_FAMILY = "1,2";
				VALIDATE_PRODUCT = YES;
			};
			name = Release;
		};
		4AC85F7B1EFDC06300062548 /* Debug */ = {
			isa = XCBuildConfiguration;
			buildSettings = {
				ASSETCATALOG_COMPILER_APPICON_NAME = AppIcon;
				DEVELOPMENT_TEAM = 4HT26RR3LT;
				INFOPLIST_FILE = Schedulo/Info.plist;
				LD_RUNPATH_SEARCH_PATHS = "$(inherited) @executable_path/Frameworks";
				PRODUCT_BUNDLE_IDENTIFIER = com.rizadh.Schedulo;
				PRODUCT_NAME = "$(TARGET_NAME)";
				SWIFT_VERSION = 3.0;
			};
			name = Debug;
		};
		4AC85F7C1EFDC06300062548 /* Release */ = {
			isa = XCBuildConfiguration;
			buildSettings = {
				ASSETCATALOG_COMPILER_APPICON_NAME = AppIcon;
				DEVELOPMENT_TEAM = 4HT26RR3LT;
				INFOPLIST_FILE = Schedulo/Info.plist;
				LD_RUNPATH_SEARCH_PATHS = "$(inherited) @executable_path/Frameworks";
				PRODUCT_BUNDLE_IDENTIFIER = com.rizadh.Schedulo;
				PRODUCT_NAME = "$(TARGET_NAME)";
				SWIFT_VERSION = 3.0;
			};
			name = Release;
		};
/* End XCBuildConfiguration section */

/* Begin XCConfigurationList section */
		4AC85F631EFDC06300062548 /* Build configuration list for PBXProject "Schedulo" */ = {
			isa = XCConfigurationList;
			buildConfigurations = (
				4AC85F781EFDC06300062548 /* Debug */,
				4AC85F791EFDC06300062548 /* Release */,
			);
			defaultConfigurationIsVisible = 0;
			defaultConfigurationName = Release;
		};
		4AC85F7A1EFDC06300062548 /* Build configuration list for PBXNativeTarget "Schedulo" */ = {
			isa = XCConfigurationList;
			buildConfigurations = (
				4AC85F7B1EFDC06300062548 /* Debug */,
				4AC85F7C1EFDC06300062548 /* Release */,
			);
			defaultConfigurationIsVisible = 0;
			defaultConfigurationName = Release;
		};
/* End XCConfigurationList section */
	};
	rootObject = 4AC85F601EFDC06300062548 /* Project object */;
}
