// !$*UTF8*$!
{
	archiveVersion = 1;
	classes = {
	};
	objectVersion = 46;
	objects = {

/* Begin PBXBuildFile section */
		4A2A57AD1F84337C0014CF45 /* CourseNameViewController.swift in Sources */ = {isa = PBXBuildFile; fileRef = 4A2A57AC1F84337C0014CF45 /* CourseNameViewController.swift */; };
		4A2A57AF1F845E550014CF45 /* SectionDetailViewController.swift in Sources */ = {isa = PBXBuildFile; fileRef = 4A2A57AE1F845E550014CF45 /* SectionDetailViewController.swift */; };
		4A47ED371F1FE2B6002C2A1F /* TextFieldChangeHandler.swift in Sources */ = {isa = PBXBuildFile; fileRef = 4A47ED361F1FE2B6002C2A1F /* TextFieldChangeHandler.swift */; };
		4A5140101F841F3300BC7AF4 /* CourseDetailViewController.swift in Sources */ = {isa = PBXBuildFile; fileRef = 4A51400F1F841F3300BC7AF4 /* CourseDetailViewController.swift */; };
		4A5402401F299F1100CFDFAE /* Overlappable.swift in Sources */ = {isa = PBXBuildFile; fileRef = 4A54023F1F299F1100CFDFAE /* Overlappable.swift */; };
		4A5402441F2A19D200CFDFAE /* SectionGroup.swift in Sources */ = {isa = PBXBuildFile; fileRef = 4A5402431F2A19D200CFDFAE /* SectionGroup.swift */; };
		4A667FB91F20D63500D41E87 /* InputSuggestionView.swift in Sources */ = {isa = PBXBuildFile; fileRef = 4A667FB81F20D63500D41E87 /* InputSuggestionView.swift */; };
		4A8C8B631F1F880800D317D0 /* TimePickerView.swift in Sources */ = {isa = PBXBuildFile; fileRef = 4A8C8B621F1F880800D317D0 /* TimePickerView.swift */; };
		4A8C8B651F1F9EB600D317D0 /* DayPickerView.swift in Sources */ = {isa = PBXBuildFile; fileRef = 4A8C8B641F1F9EB600D317D0 /* DayPickerView.swift */; };
		4AAA877F1F02F67100FA1AC2 /* StepperCell.swift in Sources */ = {isa = PBXBuildFile; fileRef = 4AAA877E1F02F67100FA1AC2 /* StepperCell.swift */; };
		4AAA87811F02F6B200FA1AC2 /* TextFieldCell.swift in Sources */ = {isa = PBXBuildFile; fileRef = 4AAA87801F02F6B200FA1AC2 /* TextFieldCell.swift */; };
		4AAA87831F02F9D600FA1AC2 /* SegmentedControlCell.swift in Sources */ = {isa = PBXBuildFile; fileRef = 4AAA87821F02F9D600FA1AC2 /* SegmentedControlCell.swift */; };
		4AAA87851F0459CC00FA1AC2 /* Season.swift in Sources */ = {isa = PBXBuildFile; fileRef = 4AAA87841F0459CC00FA1AC2 /* Season.swift */; };
		4AAA87931F06F98B00FA1AC2 /* StateController.swift in Sources */ = {isa = PBXBuildFile; fileRef = 4AAA87921F06F98B00FA1AC2 /* StateController.swift */; };
		4AAA87951F06FA3900FA1AC2 /* Plan.swift in Sources */ = {isa = PBXBuildFile; fileRef = 4AAA87941F06FA3900FA1AC2 /* Plan.swift */; };
		4AAA87991F073BF100FA1AC2 /* CoursesViewController.swift in Sources */ = {isa = PBXBuildFile; fileRef = 4AAA87981F073BF100FA1AC2 /* CoursesViewController.swift */; };
		4AC85F6C1EFDC06300062548 /* AppDelegate.swift in Sources */ = {isa = PBXBuildFile; fileRef = 4AC85F6B1EFDC06300062548 /* AppDelegate.swift */; };
		4AC85F731EFDC06300062548 /* Assets.xcassets in Resources */ = {isa = PBXBuildFile; fileRef = 4AC85F721EFDC06300062548 /* Assets.xcassets */; };
		4AC85F761EFDC06300062548 /* LaunchScreen.storyboard in Resources */ = {isa = PBXBuildFile; fileRef = 4AC85F741EFDC06300062548 /* LaunchScreen.storyboard */; };
		4AC85F871EFDC08900062548 /* Course.swift in Sources */ = {isa = PBXBuildFile; fileRef = 4AC85F7D1EFDC08900062548 /* Course.swift */; };
		4AC85F881EFDC08900062548 /* Location.swift in Sources */ = {isa = PBXBuildFile; fileRef = 4AC85F7E1EFDC08900062548 /* Location.swift */; };
		4AC85F8A1EFDC08900062548 /* CourseGenerator.swift in Sources */ = {isa = PBXBuildFile; fileRef = 4AC85F801EFDC08900062548 /* CourseGenerator.swift */; };
		4AC85F8B1EFDC08900062548 /* Schedule.swift in Sources */ = {isa = PBXBuildFile; fileRef = 4AC85F811EFDC08900062548 /* Schedule.swift */; };
		4AC85F8C1EFDC08900062548 /* Section.swift in Sources */ = {isa = PBXBuildFile; fileRef = 4AC85F821EFDC08900062548 /* Section.swift */; };
		4AC85F8D1EFDC08900062548 /* Day.swift in Sources */ = {isa = PBXBuildFile; fileRef = 4AC85F831EFDC08900062548 /* Day.swift */; };
		4AC85F8E1EFDC08900062548 /* Session.swift in Sources */ = {isa = PBXBuildFile; fileRef = 4AC85F841EFDC08900062548 /* Session.swift */; };
		4AC85F8F1EFDC08900062548 /* Time.swift in Sources */ = {isa = PBXBuildFile; fileRef = 4AC85F851EFDC08900062548 /* Time.swift */; };
		4AC85F901EFDC08900062548 /* TimeRange.swift in Sources */ = {isa = PBXBuildFile; fileRef = 4AC85F861EFDC08900062548 /* TimeRange.swift */; };
		4ADC50401F196342007284DE /* PlansViewController.swift in Sources */ = {isa = PBXBuildFile; fileRef = 4ADC503F1F196342007284DE /* PlansViewController.swift */; };
/* End PBXBuildFile section */

/* Begin PBXFileReference section */
		4A2A57AC1F84337C0014CF45 /* CourseNameViewController.swift */ = {isa = PBXFileReference; lastKnownFileType = sourcecode.swift; path = CourseNameViewController.swift; sourceTree = "<group>"; };
		4A2A57AE1F845E550014CF45 /* SectionDetailViewController.swift */ = {isa = PBXFileReference; lastKnownFileType = sourcecode.swift; path = SectionDetailViewController.swift; sourceTree = "<group>"; };
		4A47ED361F1FE2B6002C2A1F /* TextFieldChangeHandler.swift */ = {isa = PBXFileReference; lastKnownFileType = sourcecode.swift; path = TextFieldChangeHandler.swift; sourceTree = "<group>"; };
		4A51400F1F841F3300BC7AF4 /* CourseDetailViewController.swift */ = {isa = PBXFileReference; lastKnownFileType = sourcecode.swift; path = CourseDetailViewController.swift; sourceTree = "<group>"; };
		4A54023F1F299F1100CFDFAE /* Overlappable.swift */ = {isa = PBXFileReference; lastKnownFileType = sourcecode.swift; path = Overlappable.swift; sourceTree = "<group>"; };
		4A5402431F2A19D200CFDFAE /* SectionGroup.swift */ = {isa = PBXFileReference; lastKnownFileType = sourcecode.swift; path = SectionGroup.swift; sourceTree = "<group>"; };
		4A667FB81F20D63500D41E87 /* InputSuggestionView.swift */ = {isa = PBXFileReference; lastKnownFileType = sourcecode.swift; path = InputSuggestionView.swift; sourceTree = "<group>"; };
		4A8C8B621F1F880800D317D0 /* TimePickerView.swift */ = {isa = PBXFileReference; lastKnownFileType = sourcecode.swift; path = TimePickerView.swift; sourceTree = "<group>"; };
		4A8C8B641F1F9EB600D317D0 /* DayPickerView.swift */ = {isa = PBXFileReference; lastKnownFileType = sourcecode.swift; path = DayPickerView.swift; sourceTree = "<group>"; };
		4AAA877E1F02F67100FA1AC2 /* StepperCell.swift */ = {isa = PBXFileReference; fileEncoding = 4; lastKnownFileType = sourcecode.swift; path = StepperCell.swift; sourceTree = "<group>"; };
		4AAA87801F02F6B200FA1AC2 /* TextFieldCell.swift */ = {isa = PBXFileReference; fileEncoding = 4; lastKnownFileType = sourcecode.swift; path = TextFieldCell.swift; sourceTree = "<group>"; };
		4AAA87821F02F9D600FA1AC2 /* SegmentedControlCell.swift */ = {isa = PBXFileReference; fileEncoding = 4; lastKnownFileType = sourcecode.swift; path = SegmentedControlCell.swift; sourceTree = "<group>"; };
		4AAA87841F0459CC00FA1AC2 /* Season.swift */ = {isa = PBXFileReference; fileEncoding = 4; lastKnownFileType = sourcecode.swift; path = Season.swift; sourceTree = "<group>"; };
		4AAA87921F06F98B00FA1AC2 /* StateController.swift */ = {isa = PBXFileReference; fileEncoding = 4; lastKnownFileType = sourcecode.swift; path = StateController.swift; sourceTree = "<group>"; };
		4AAA87941F06FA3900FA1AC2 /* Plan.swift */ = {isa = PBXFileReference; fileEncoding = 4; lastKnownFileType = sourcecode.swift; path = Plan.swift; sourceTree = "<group>"; };
		4AAA87981F073BF100FA1AC2 /* CoursesViewController.swift */ = {isa = PBXFileReference; fileEncoding = 4; lastKnownFileType = sourcecode.swift; path = CoursesViewController.swift; sourceTree = "<group>"; };
		4AC85F681EFDC06300062548 /* Schedulo.app */ = {isa = PBXFileReference; explicitFileType = wrapper.application; includeInIndex = 0; path = Schedulo.app; sourceTree = BUILT_PRODUCTS_DIR; };
		4AC85F6B1EFDC06300062548 /* AppDelegate.swift */ = {isa = PBXFileReference; lastKnownFileType = sourcecode.swift; path = AppDelegate.swift; sourceTree = "<group>"; };
		4AC85F721EFDC06300062548 /* Assets.xcassets */ = {isa = PBXFileReference; lastKnownFileType = folder.assetcatalog; path = Assets.xcassets; sourceTree = "<group>"; };
		4AC85F751EFDC06300062548 /* Base */ = {isa = PBXFileReference; lastKnownFileType = file.storyboard; name = Base; path = Base.lproj/LaunchScreen.storyboard; sourceTree = "<group>"; };
		4AC85F771EFDC06300062548 /* Info.plist */ = {isa = PBXFileReference; lastKnownFileType = text.plist.xml; path = Info.plist; sourceTree = "<group>"; };
		4AC85F7D1EFDC08900062548 /* Course.swift */ = {isa = PBXFileReference; fileEncoding = 4; lastKnownFileType = sourcecode.swift; path = Course.swift; sourceTree = "<group>"; };
		4AC85F7E1EFDC08900062548 /* Location.swift */ = {isa = PBXFileReference; fileEncoding = 4; lastKnownFileType = sourcecode.swift; path = Location.swift; sourceTree = "<group>"; };
		4AC85F801EFDC08900062548 /* CourseGenerator.swift */ = {isa = PBXFileReference; fileEncoding = 4; lastKnownFileType = sourcecode.swift; path = CourseGenerator.swift; sourceTree = "<group>"; };
		4AC85F811EFDC08900062548 /* Schedule.swift */ = {isa = PBXFileReference; fileEncoding = 4; lastKnownFileType = sourcecode.swift; path = Schedule.swift; sourceTree = "<group>"; };
		4AC85F821EFDC08900062548 /* Section.swift */ = {isa = PBXFileReference; fileEncoding = 4; lastKnownFileType = sourcecode.swift; path = Section.swift; sourceTree = "<group>"; };
		4AC85F831EFDC08900062548 /* Day.swift */ = {isa = PBXFileReference; fileEncoding = 4; lastKnownFileType = sourcecode.swift; path = Day.swift; sourceTree = "<group>"; };
		4AC85F841EFDC08900062548 /* Session.swift */ = {isa = PBXFileReference; fileEncoding = 4; lastKnownFileType = sourcecode.swift; path = Session.swift; sourceTree = "<group>"; };
		4AC85F851EFDC08900062548 /* Time.swift */ = {isa = PBXFileReference; fileEncoding = 4; lastKnownFileType = sourcecode.swift; path = Time.swift; sourceTree = "<group>"; };
		4AC85F861EFDC08900062548 /* TimeRange.swift */ = {isa = PBXFileReference; fileEncoding = 4; lastKnownFileType = sourcecode.swift; path = TimeRange.swift; sourceTree = "<group>"; };
		4ADC503F1F196342007284DE /* PlansViewController.swift */ = {isa = PBXFileReference; lastKnownFileType = sourcecode.swift; path = PlansViewController.swift; sourceTree = "<group>"; };
/* End PBXFileReference section */

/* Begin PBXFrameworksBuildPhase section */
		4AC85F651EFDC06300062548 /* Frameworks */ = {
			isa = PBXFrameworksBuildPhase;
			buildActionMask = 2147483647;
			files = (
			);
			runOnlyForDeploymentPostprocessing = 0;
		};
/* End PBXFrameworksBuildPhase section */

/* Begin PBXGroup section */
		4A464F5E1F2B6F030079FC29 /* Courses */ = {
			isa = PBXGroup;
			children = (
				4AAA87981F073BF100FA1AC2 /* CoursesViewController.swift */,
				4A51400F1F841F3300BC7AF4 /* CourseDetailViewController.swift */,
				4A2A57AC1F84337C0014CF45 /* CourseNameViewController.swift */,
				4A2A57AE1F845E550014CF45 /* SectionDetailViewController.swift */,
			);
			path = Courses;
			sourceTree = "<group>";
		};
		4A464F5F1F2B6F090079FC29 /* Plans */ = {
			isa = PBXGroup;
			children = (
				4ADC503F1F196342007284DE /* PlansViewController.swift */,
			);
			path = Plans;
			sourceTree = "<group>";
		};
		4A5402391F29916800CFDFAE /* View Controllers */ = {
			isa = PBXGroup;
			children = (
				4A464F5E1F2B6F030079FC29 /* Courses */,
				4A464F5F1F2B6F090079FC29 /* Plans */,
			);
			path = "View Controllers";
			sourceTree = "<group>";
		};
		4A54023C1F2991B400CFDFAE /* Table Cells */ = {
			isa = PBXGroup;
			children = (
				4AAA877E1F02F67100FA1AC2 /* StepperCell.swift */,
				4AAA87821F02F9D600FA1AC2 /* SegmentedControlCell.swift */,
				4AAA87801F02F6B200FA1AC2 /* TextFieldCell.swift */,
			);
			path = "Table Cells";
			sourceTree = "<group>";
		};
		4A54023D1F29981A00CFDFAE /* Custom Views */ = {
			isa = PBXGroup;
			children = (
				4A667FB81F20D63500D41E87 /* InputSuggestionView.swift */,
				4A8C8B621F1F880800D317D0 /* TimePickerView.swift */,
				4A8C8B641F1F9EB600D317D0 /* DayPickerView.swift */,
			);
			path = "Custom Views";
			sourceTree = "<group>";
		};
		4A54023E1F299E3400CFDFAE /* Scheduling */ = {
			isa = PBXGroup;
			children = (
				4AC85F801EFDC08900062548 /* CourseGenerator.swift */,
				4AC85F7D1EFDC08900062548 /* Course.swift */,
				4A5402431F2A19D200CFDFAE /* SectionGroup.swift */,
				4AC85F7E1EFDC08900062548 /* Location.swift */,
				4AC85F811EFDC08900062548 /* Schedule.swift */,
				4AC85F821EFDC08900062548 /* Section.swift */,
				4AC85F831EFDC08900062548 /* Day.swift */,
				4AC85F841EFDC08900062548 /* Session.swift */,
				4AC85F851EFDC08900062548 /* Time.swift */,
				4AC85F861EFDC08900062548 /* TimeRange.swift */,
				4AAA87841F0459CC00FA1AC2 /* Season.swift */,
				4AAA87941F06FA3900FA1AC2 /* Plan.swift */,
			);
			path = Scheduling;
			sourceTree = "<group>";
		};
		4A5402411F299F4900CFDFAE /* Utility */ = {
			isa = PBXGroup;
			children = (
				4A47ED361F1FE2B6002C2A1F /* TextFieldChangeHandler.swift */,
			);
			path = Utility;
			sourceTree = "<group>";
		};
		4A5402421F299FD100CFDFAE /* Custom Protocols */ = {
			isa = PBXGroup;
			children = (
				4A54023F1F299F1100CFDFAE /* Overlappable.swift */,
			);
			path = "Custom Protocols";
			sourceTree = "<group>";
		};
		4AC85F5F1EFDC06300062548 = {
			isa = PBXGroup;
			children = (
				4AC85F6A1EFDC06300062548 /* Schedulo */,
				4AC85F691EFDC06300062548 /* Products */,
			);
			sourceTree = "<group>";
		};
		4AC85F691EFDC06300062548 /* Products */ = {
			isa = PBXGroup;
			children = (
				4AC85F681EFDC06300062548 /* Schedulo.app */,
			);
			name = Products;
			sourceTree = "<group>";
		};
		4AC85F6A1EFDC06300062548 /* Schedulo */ = {
			isa = PBXGroup;
			children = (
				4AC85F6B1EFDC06300062548 /* AppDelegate.swift */,
				4AAA87921F06F98B00FA1AC2 /* StateController.swift */,
				4A5402421F299FD100CFDFAE /* Custom Protocols */,
				4A5402411F299F4900CFDFAE /* Utility */,
				4A54023E1F299E3400CFDFAE /* Scheduling */,
				4A5402391F29916800CFDFAE /* View Controllers */,
				4A54023D1F29981A00CFDFAE /* Custom Views */,
				4A54023C1F2991B400CFDFAE /* Table Cells */,
				4AC85F721EFDC06300062548 /* Assets.xcassets */,
				4AC85F741EFDC06300062548 /* LaunchScreen.storyboard */,
				4AC85F771EFDC06300062548 /* Info.plist */,
			);
			path = Schedulo;
			sourceTree = "<group>";
		};
/* End PBXGroup section */

/* Begin PBXNativeTarget section */
		4AC85F671EFDC06300062548 /* Schedulo */ = {
			isa = PBXNativeTarget;
			buildConfigurationList = 4AC85F7A1EFDC06300062548 /* Build configuration list for PBXNativeTarget "Schedulo" */;
			buildPhases = (
				4AC85F641EFDC06300062548 /* Sources */,
				4AC85F651EFDC06300062548 /* Frameworks */,
				4AC85F661EFDC06300062548 /* Resources */,
			);
			buildRules = (
			);
			dependencies = (
			);
			name = Schedulo;
			productName = Schedulo;
			productReference = 4AC85F681EFDC06300062548 /* Schedulo.app */;
			productType = "com.apple.product-type.application";
		};
/* End PBXNativeTarget section */

/* Begin PBXProject section */
		4AC85F601EFDC06300062548 /* Project object */ = {
			isa = PBXProject;
			attributes = {
				LastSwiftUpdateCheck = 0830;
				LastUpgradeCheck = 0900;
				ORGANIZATIONNAME = "Rizadh Nizam";
				TargetAttributes = {
					4AC85F671EFDC06300062548 = {
						CreatedOnToolsVersion = 8.3.3;
						DevelopmentTeam = UZW69BGU4W;
						LastSwiftMigration = 0900;
						ProvisioningStyle = Automatic;
					};
				};
			};
			buildConfigurationList = 4AC85F631EFDC06300062548 /* Build configuration list for PBXProject "Schedulo" */;
			compatibilityVersion = "Xcode 3.2";
			developmentRegion = English;
			hasScannedForEncodings = 0;
			knownRegions = (
				en,
				Base,
			);
			mainGroup = 4AC85F5F1EFDC06300062548;
			productRefGroup = 4AC85F691EFDC06300062548 /* Products */;
			projectDirPath = "";
			projectRoot = "";
			targets = (
				4AC85F671EFDC06300062548 /* Schedulo */,
			);
		};
/* End PBXProject section */

/* Begin PBXResourcesBuildPhase section */
		4AC85F661EFDC06300062548 /* Resources */ = {
			isa = PBXResourcesBuildPhase;
			buildActionMask = 2147483647;
			files = (
				4AC85F761EFDC06300062548 /* LaunchScreen.storyboard in Resources */,
				4AC85F731EFDC06300062548 /* Assets.xcassets in Resources */,
			);
			runOnlyForDeploymentPostprocessing = 0;
		};
/* End PBXResourcesBuildPhase section */

/* Begin PBXSourcesBuildPhase section */
		4AC85F641EFDC06300062548 /* Sources */ = {
			isa = PBXSourcesBuildPhase;
			buildActionMask = 2147483647;
			files = (
				4A5140101F841F3300BC7AF4 /* CourseDetailViewController.swift in Sources */,
				4AC85F8E1EFDC08900062548 /* Session.swift in Sources */,
				4AC85F871EFDC08900062548 /* Course.swift in Sources */,
				4A2A57AD1F84337C0014CF45 /* CourseNameViewController.swift in Sources */,
				4AAA877F1F02F67100FA1AC2 /* StepperCell.swift in Sources */,
				4AC85F8F1EFDC08900062548 /* Time.swift in Sources */,
				4AAA87951F06FA3900FA1AC2 /* Plan.swift in Sources */,
				4AC85F8A1EFDC08900062548 /* CourseGenerator.swift in Sources */,
				4AAA87991F073BF100FA1AC2 /* CoursesViewController.swift in Sources */,
				4AAA87831F02F9D600FA1AC2 /* SegmentedControlCell.swift in Sources */,
				4A47ED371F1FE2B6002C2A1F /* TextFieldChangeHandler.swift in Sources */,
				4A2A57AF1F845E550014CF45 /* SectionDetailViewController.swift in Sources */,
				4A5402441F2A19D200CFDFAE /* SectionGroup.swift in Sources */,
				4A667FB91F20D63500D41E87 /* InputSuggestionView.swift in Sources */,
				4AAA87811F02F6B200FA1AC2 /* TextFieldCell.swift in Sources */,
				4A8C8B651F1F9EB600D317D0 /* DayPickerView.swift in Sources */,
				4AAA87851F0459CC00FA1AC2 /* Season.swift in Sources */,
				4AC85F901EFDC08900062548 /* TimeRange.swift in Sources */,
				4AAA87931F06F98B00FA1AC2 /* StateController.swift in Sources */,
				4AC85F881EFDC08900062548 /* Location.swift in Sources */,
				4AC85F8D1EFDC08900062548 /* Day.swift in Sources */,
				4AC85F8C1EFDC08900062548 /* Section.swift in Sources */,
				4AC85F8B1EFDC08900062548 /* Schedule.swift in Sources */,
				4AC85F6C1EFDC06300062548 /* AppDelegate.swift in Sources */,
				4A8C8B631F1F880800D317D0 /* TimePickerView.swift in Sources */,
				4A5402401F299F1100CFDFAE /* Overlappable.swift in Sources */,
				4ADC50401F196342007284DE /* PlansViewController.swift in Sources */,
			);
			runOnlyForDeploymentPostprocessing = 0;
		};
/* End PBXSourcesBuildPhase section */

/* Begin PBXVariantGroup section */
		4AC85F741EFDC06300062548 /* LaunchScreen.storyboard */ = {
			isa = PBXVariantGroup;
			children = (
				4AC85F751EFDC06300062548 /* Base */,
			);
			name = LaunchScreen.storyboard;
			sourceTree = "<group>";
		};
/* End PBXVariantGroup section */

/* Begin XCBuildConfiguration section */
		4AC85F781EFDC06300062548 /* Debug */ = {
			isa = XCBuildConfiguration;
			buildSettings = {
				ALWAYS_SEARCH_USER_PATHS = NO;
				CLANG_ANALYZER_NONNULL = YES;
				CLANG_ANALYZER_NUMBER_OBJECT_CONVERSION = YES_AGGRESSIVE;
				CLANG_CXX_LANGUAGE_STANDARD = "gnu++0x";
				CLANG_CXX_LIBRARY = "libc++";
				CLANG_ENABLE_MODULES = YES;
				CLANG_ENABLE_OBJC_ARC = YES;
				CLANG_WARN_BLOCK_CAPTURE_AUTORELEASING = YES;
				CLANG_WARN_BOOL_CONVERSION = YES;
				CLANG_WARN_COMMA = YES;
				CLANG_WARN_CONSTANT_CONVERSION = YES;
				CLANG_WARN_DIRECT_OBJC_ISA_USAGE = YES_ERROR;
				CLANG_WARN_DOCUMENTATION_COMMENTS = YES;
				CLANG_WARN_EMPTY_BODY = YES;
				CLANG_WARN_ENUM_CONVERSION = YES;
				CLANG_WARN_INFINITE_RECURSION = YES;
				CLANG_WARN_INT_CONVERSION = YES;
				CLANG_WARN_NON_LITERAL_NULL_CONVERSION = YES;
				CLANG_WARN_OBJC_LITERAL_CONVERSION = YES;
				CLANG_WARN_OBJC_ROOT_CLASS = YES_ERROR;
				CLANG_WARN_RANGE_LOOP_ANALYSIS = YES;
				CLANG_WARN_STRICT_PROTOTYPES = YES;
				CLANG_WARN_SUSPICIOUS_MOVE = YES;
				CLANG_WARN_UNREACHABLE_CODE = YES;
				CLANG_WARN__DUPLICATE_METHOD_MATCH = YES;
				"CODE_SIGN_IDENTITY[sdk=iphoneos*]" = "iPhone Developer";
				COPY_PHASE_STRIP = NO;
				DEBUG_INFORMATION_FORMAT = dwarf;
				ENABLE_STRICT_OBJC_MSGSEND = YES;
				ENABLE_TESTABILITY = YES;
				GCC_C_LANGUAGE_STANDARD = gnu99;
				GCC_DYNAMIC_NO_PIC = NO;
				GCC_NO_COMMON_BLOCKS = YES;
				GCC_OPTIMIZATION_LEVEL = 0;
				GCC_PREPROCESSOR_DEFINITIONS = (
					"DEBUG=1",
					"$(inherited)",
				);
				GCC_WARN_64_TO_32_BIT_CONVERSION = YES;
				GCC_WARN_ABOUT_RETURN_TYPE = YES_ERROR;
				GCC_WARN_UNDECLARED_SELECTOR = YES;
				GCC_WARN_UNINITIALIZED_AUTOS = YES_AGGRESSIVE;
				GCC_WARN_UNUSED_FUNCTION = YES;
				GCC_WARN_UNUSED_VARIABLE = YES;
				IPHONEOS_DEPLOYMENT_TARGET = 9.0;
				MTL_ENABLE_DEBUG_INFO = YES;
				ONLY_ACTIVE_ARCH = YES;
				SDKROOT = iphoneos;
				SWIFT_ACTIVE_COMPILATION_CONDITIONS = DEBUG;
				SWIFT_OPTIMIZATION_LEVEL = "-Onone";
				TARGETED_DEVICE_FAMILY = "1,2";
			};
			name = Debug;
		};
		4AC85F791EFDC06300062548 /* Release */ = {
			isa = XCBuildConfiguration;
			buildSettings = {
				ALWAYS_SEARCH_USER_PATHS = NO;
				CLANG_ANALYZER_NONNULL = YES;
				CLANG_ANALYZER_NUMBER_OBJECT_CONVERSION = YES_AGGRESSIVE;
				CLANG_CXX_LANGUAGE_STANDARD = "gnu++0x";
				CLANG_CXX_LIBRARY = "libc++";
				CLANG_ENABLE_MODULES = YES;
				CLANG_ENABLE_OBJC_ARC = YES;
				CLANG_WARN_BLOCK_CAPTURE_AUTORELEASING = YES;
				CLANG_WARN_BOOL_CONVERSION = YES;
				CLANG_WARN_COMMA = YES;
				CLANG_WARN_CONSTANT_CONVERSION = YES;
				CLANG_WARN_DIRECT_OBJC_ISA_USAGE = YES_ERROR;
				CLANG_WARN_DOCUMENTATION_COMMENTS = YES;
				CLANG_WARN_EMPTY_BODY = YES;
				CLANG_WARN_ENUM_CONVERSION = YES;
				CLANG_WARN_INFINITE_RECURSION = YES;
				CLANG_WARN_INT_CONVERSION = YES;
				CLANG_WARN_NON_LITERAL_NULL_CONVERSION = YES;
				CLANG_WARN_OBJC_LITERAL_CONVERSION = YES;
				CLANG_WARN_OBJC_ROOT_CLASS = YES_ERROR;
				CLANG_WARN_RANGE_LOOP_ANALYSIS = YES;
				CLANG_WARN_STRICT_PROTOTYPES = YES;
				CLANG_WARN_SUSPICIOUS_MOVE = YES;
				CLANG_WARN_UNREACHABLE_CODE = YES;
				CLANG_WARN__DUPLICATE_METHOD_MATCH = YES;
				"CODE_SIGN_IDENTITY[sdk=iphoneos*]" = "iPhone Developer";
				COPY_PHASE_STRIP = NO;
				DEBUG_INFORMATION_FORMAT = "dwarf-with-dsym";
				ENABLE_NS_ASSERTIONS = NO;
				ENABLE_STRICT_OBJC_MSGSEND = YES;
				GCC_C_LANGUAGE_STANDARD = gnu99;
				GCC_NO_COMMON_BLOCKS = YES;
				GCC_WARN_64_TO_32_BIT_CONVERSION = YES;
				GCC_WARN_ABOUT_RETURN_TYPE = YES_ERROR;
				GCC_WARN_UNDECLARED_SELECTOR = YES;
				GCC_WARN_UNINITIALIZED_AUTOS = YES_AGGRESSIVE;
				GCC_WARN_UNUSED_FUNCTION = YES;
				GCC_WARN_UNUSED_VARIABLE = YES;
				IPHONEOS_DEPLOYMENT_TARGET = 9.0;
				MTL_ENABLE_DEBUG_INFO = NO;
				SDKROOT = iphoneos;
				SWIFT_OPTIMIZATION_LEVEL = "-Owholemodule";
				TARGETED_DEVICE_FAMILY = "1,2";
				VALIDATE_PRODUCT = YES;
			};
			name = Release;
		};
		4AC85F7B1EFDC06300062548 /* Debug */ = {
			isa = XCBuildConfiguration;
			buildSettings = {
				ASSETCATALOG_COMPILER_APPICON_NAME = AppIcon;
				"CODE_SIGN_IDENTITY[sdk=iphoneos*]" = "iPhone Developer";
				CODE_SIGN_STYLE = Automatic;
				DEVELOPMENT_TEAM = UZW69BGU4W;
				INFOPLIST_FILE = Schedulo/Info.plist;
				LD_RUNPATH_SEARCH_PATHS = "$(inherited) @executable_path/Frameworks";
				PRODUCT_BUNDLE_IDENTIFIER = "com.rizadh.schedulo-app";
				PRODUCT_NAME = "$(TARGET_NAME)";
				PROVISIONING_PROFILE_SPECIFIER = "";
				SWIFT_SWIFT3_OBJC_INFERENCE = Off;
				SWIFT_VERSION = 4.0;
				TARGETED_DEVICE_FAMILY = "1,2";
			};
			name = Debug;
		};
		4AC85F7C1EFDC06300062548 /* Release */ = {
			isa = XCBuildConfiguration;
			buildSettings = {
				ASSETCATALOG_COMPILER_APPICON_NAME = AppIcon;
				"CODE_SIGN_IDENTITY[sdk=iphoneos*]" = "iPhone Developer";
				CODE_SIGN_STYLE = Automatic;
				DEVELOPMENT_TEAM = UZW69BGU4W;
				INFOPLIST_FILE = Schedulo/Info.plist;
				LD_RUNPATH_SEARCH_PATHS = "$(inherited) @executable_path/Frameworks";
				PRODUCT_BUNDLE_IDENTIFIER = "com.rizadh.schedulo-app";
				PRODUCT_NAME = "$(TARGET_NAME)";
				PROVISIONING_PROFILE_SPECIFIER = "";
				SWIFT_SWIFT3_OBJC_INFERENCE = Off;
				SWIFT_VERSION = 4.0;
				TARGETED_DEVICE_FAMILY = "1,2";
			};
			name = Release;
		};
/* End XCBuildConfiguration section */

/* Begin XCConfigurationList section */
		4AC85F631EFDC06300062548 /* Build configuration list for PBXProject "Schedulo" */ = {
			isa = XCConfigurationList;
			buildConfigurations = (
				4AC85F781EFDC06300062548 /* Debug */,
				4AC85F791EFDC06300062548 /* Release */,
			);
			defaultConfigurationIsVisible = 0;
			defaultConfigurationName = Release;
		};
		4AC85F7A1EFDC06300062548 /* Build configuration list for PBXNativeTarget "Schedulo" */ = {
			isa = XCConfigurationList;
			buildConfigurations = (
				4AC85F7B1EFDC06300062548 /* Debug */,
				4AC85F7C1EFDC06300062548 /* Release */,
			);
			defaultConfigurationIsVisible = 0;
			defaultConfigurationName = Release;
		};
/* End XCConfigurationList section */
	};
	rootObject = 4AC85F601EFDC06300062548 /* Project object */;
}
